
Microsoft Visual Studio Solution File, Format Version 12.00
# Visual Studio 15
VisualStudioVersion = 15.0.28307.168
MinimumVisualStudioVersion = 10.0.40219.1
Project("{9A19103F-16F7-4668-BE54-9A1E7A4F7556}") = "PF.WebAPI", "PF.WebAPI\PF.WebAPI.csproj", "{5421D747-930C-4F82-A0D5-9DA24BFFD7CA}"
EndProject
Project("{9A19103F-16F7-4668-BE54-9A1E7A4F7556}") = "PF.Tests", "PF.Tests\PF.Tests.csproj", "{C75AFEB8-4C51-4215-BFDD-8743A1C8ECF5}"
EndProject
Global
	GlobalSection(SolutionConfigurationPlatforms) = preSolution
		Debug|Any CPU = Debug|Any CPU
		Debug|x86 = Debug|x86
		Release|Any CPU = Release|Any CPU
		Release|x86 = Release|x86
	EndGlobalSection
	GlobalSection(ProjectConfigurationPlatforms) = postSolution
		{5421D747-930C-4F82-A0D5-9DA24BFFD7CA}.Debug|Any CPU.ActiveCfg = Debug|Any CPU
		{5421D747-930C-4F82-A0D5-9DA24BFFD7CA}.Debug|Any CPU.Build.0 = Debug|Any CPU
		{5421D747-930C-4F82-A0D5-9DA24BFFD7CA}.Debug|x86.ActiveCfg = Debug|Any CPU
		{5421D747-930C-4F82-A0D5-9DA24BFFD7CA}.Debug|x86.Build.0 = Debug|Any CPU
		{5421D747-930C-4F82-A0D5-9DA24BFFD7CA}.Release|Any CPU.ActiveCfg = Release|Any CPU
		{5421D747-930C-4F82-A0D5-9DA24BFFD7CA}.Release|Any CPU.Build.0 = Release|Any CPU
		{5421D747-930C-4F82-A0D5-9DA24BFFD7CA}.Release|x86.ActiveCfg = Release|Any CPU
		{5421D747-930C-4F82-A0D5-9DA24BFFD7CA}.Release|x86.Build.0 = Release|Any CPU
		{C75AFEB8-4C51-4215-BFDD-8743A1C8ECF5}.Debug|Any CPU.ActiveCfg = Debug|Any CPU
		{C75AFEB8-4C51-4215-BFDD-8743A1C8ECF5}.Debug|Any CPU.Build.0 = Debug|Any CPU
		{C75AFEB8-4C51-4215-BFDD-8743A1C8ECF5}.Debug|x86.ActiveCfg = Debug|Any CPU
		{C75AFEB8-4C51-4215-BFDD-8743A1C8ECF5}.Debug|x86.Build.0 = Debug|Any CPU
		{C75AFEB8-4C51-4215-BFDD-8743A1C8ECF5}.Release|Any CPU.ActiveCfg = Release|Any CPU
		{C75AFEB8-4C51-4215-BFDD-8743A1C8ECF5}.Release|Any CPU.Build.0 = Release|Any CPU
		{C75AFEB8-4C51-4215-BFDD-8743A1C8ECF5}.Release|x86.ActiveCfg = Release|Any CPU
		{C75AFEB8-4C51-4215-BFDD-8743A1C8ECF5}.Release|x86.Build.0 = Release|Any CPU
	EndGlobalSection
	GlobalSection(SolutionProperties) = preSolution
		HideSolutionNode = FALSE
	EndGlobalSection
	GlobalSection(ExtensibilityGlobals) = postSolution
		SolutionGuid = {6A40A9B9-146C-4DA4-869C-440EBDC94190}
	EndGlobalSection
EndGlobal
